PODS:
  - firebase_apple_auth (0.0.1):
    - Flutter
  - Flutter (1.0.0)

DEPENDENCIES:
  - firebase_apple_auth (from `.symlinks/plugins/firebase_apple_auth/ios`)
  - Flutter (from `Flutter`)

EXTERNAL SOURCES:
  firebase_apple_auth:
    :path: ".symlinks/plugins/firebase_apple_auth/ios"
  Flutter:
    :path: Flutter

SPEC CHECKSUMS:
  firebase_apple_auth: 95bd2b76f0deb1b301659d7d88059c612577ac12
  Flutter: 0e3d915762c693b495b44d77113d4970485de6ec

PODFILE CHECKSUM: 1b66dae606f75376c5f2135a8290850eeb09ae83

COCOAPODS: 1.8.4
